// !$*UTF8*$!
{
	archiveVersion = 1;
	classes = {
	};
	objectVersion = 77;
	objects = {

/* Begin PBXBuildFile section */
		18E7622C2E1438DC00DA1B34 /* Auth in Frameworks */ = {isa = PBXBuildFile; productRef = 18E7622B2E1438DC00DA1B34 /* Auth */; };
		18E7622E2E1438DC00DA1B34 /* Functions in Frameworks */ = {isa = PBXBuildFile; productRef = 18E7622D2E1438DC00DA1B34 /* Functions */; };
		18E762302E1438DC00DA1B34 /* PostgREST in Frameworks */ = {isa = PBXBuildFile; productRef = 18E7622F2E1438DC00DA1B34 /* PostgREST */; };
		18E762322E1438DC00DA1B34 /* Realtime in Frameworks */ = {isa = PBXBuildFile; productRef = 18E762312E1438DC00DA1B34 /* Realtime */; };
		18E762342E1438DC00DA1B34 /* Storage in Frameworks */ = {isa = PBXBuildFile; productRef = 18E762332E1438DC00DA1B34 /* Storage */; };
		18E762362E1438DC00DA1B34 /* Supabase in Frameworks */ = {isa = PBXBuildFile; productRef = 18E762352E1438DC00DA1B34 /* Supabase */; };
/* End PBXBuildFile section */

/* Begin PBXContainerItemProxy section */
		18E2AE8C2DF45C7A00840180 /* PBXContainerItemProxy */ = {
			isa = PBXContainerItemProxy;
			containerPortal = 18E2AE752DF45C7600840180 /* Project object */;
			proxyType = 1;
			remoteGlobalIDString = 18E2AE7C2DF45C7600840180;
			remoteInfo = buddiee_t2.01;
		};
		18E2AE962DF45C7A00840180 /* PBXContainerItemProxy */ = {
			isa = PBXContainerItemProxy;
			containerPortal = 18E2AE752DF45C7600840180 /* Project object */;
			proxyType = 1;
			remoteGlobalIDString = 18E2AE7C2DF45C7600840180;
			remoteInfo = buddiee_t2.01;
		};
/* End PBXContainerItemProxy section */

/* Begin PBXFileReference section */
		18E2AE7D2DF45C7600840180 /* buddiee_t2.01.app */ = {isa = PBXFileReference; explicitFileType = wrapper.application; includeInIndex = 0; path = buddiee_t2.01.app; sourceTree = BUILT_PRODUCTS_DIR; };
		18E2AE8B2DF45C7A00840180 /* buddiee_t2.01Tests.xctest */ = {isa = PBXFileReference; explicitFileType = wrapper.cfbundle; includeInIndex = 0; path = buddiee_t2.01Tests.xctest; sourceTree = BUILT_PRODUCTS_DIR; };
		18E2AE952DF45C7A00840180 /* buddiee_t2.01UITests.xctest */ = {isa = PBXFileReference; explicitFileType = wrapper.cfbundle; includeInIndex = 0; path = buddiee_t2.01UITests.xctest; sourceTree = BUILT_PRODUCTS_DIR; };
/* End PBXFileReference section */

/* Begin PBXFileSystemSynchronizedBuildFileExceptionSet section */
		18E2AECA2DF5FCDA00840180 /* Exceptions for "buddiee_t2.01" folder in "buddiee_t2.01" target */ = {
			isa = PBXFileSystemSynchronizedBuildFileExceptionSet;
			membershipExceptions = (
				Info.plist,
			);
			target = 18E2AE7C2DF45C7600840180 /* buddiee_t2.01 */;
		};
/* End PBXFileSystemSynchronizedBuildFileExceptionSet section */

/* Begin PBXFileSystemSynchronizedRootGroup section */
		18E2AE7F2DF45C7600840180 /* buddiee_t2.01 */ = {
			isa = PBXFileSystemSynchronizedRootGroup;
			exceptions = (
				18E2AECA2DF5FCDA00840180 /* Exceptions for "buddiee_t2.01" folder in "buddiee_t2.01" target */,
			);
			path = buddiee_t2.01;
			sourceTree = "<group>";
		};
		18E2AE8E2DF45C7A00840180 /* buddiee_t2.01Tests */ = {
			isa = PBXFileSystemSynchronizedRootGroup;
			path = buddiee_t2.01Tests;
			sourceTree = "<group>";
		};
		18E2AE982DF45C7A00840180 /* buddiee_t2.01UITests */ = {
			isa = PBXFileSystemSynchronizedRootGroup;
			path = buddiee_t2.01UITests;
			sourceTree = "<group>";
		};
/* End PBXFileSystemSynchronizedRootGroup section */

/* Begin PBXFrameworksBuildPhase section */
		18E2AE7A2DF45C7600840180 /* Frameworks */ = {
			isa = PBXFrameworksBuildPhase;
			buildActionMask = 2147483647;
			files = (
				18E762302E1438DC00DA1B34 /* PostgREST in Frameworks */,
				18E7622E2E1438DC00DA1B34 /* Functions in Frameworks */,
				18E762362E1438DC00DA1B34 /* Supabase in Frameworks */,
				18E7622C2E1438DC00DA1B34 /* Auth in Frameworks */,
				18E762342E1438DC00DA1B34 /* Storage in Frameworks */,
				18E762322E1438DC00DA1B34 /* Realtime in Frameworks */,
			);
			runOnlyForDeploymentPostprocessing = 0;
		};
		18E2AE882DF45C7A00840180 /* Frameworks */ = {
			isa = PBXFrameworksBuildPhase;
			buildActionMask = 2147483647;
			files = (
			);
			runOnlyForDeploymentPostprocessing = 0;
		};
		18E2AE922DF45C7A00840180 /* Frameworks */ = {
			isa = PBXFrameworksBuildPhase;
			buildActionMask = 2147483647;
			files = (
			);
			runOnlyForDeploymentPostprocessing = 0;
		};
/* End PBXFrameworksBuildPhase section */

/* Begin PBXGroup section */
		18E2AE742DF45C7600840180 = {
			isa = PBXGroup;
			children = (
				18E2AE7F2DF45C7600840180 /* buddiee_t2.01 */,
				18E2AE8E2DF45C7A00840180 /* buddiee_t2.01Tests */,
				18E2AE982DF45C7A00840180 /* buddiee_t2.01UITests */,
				18E2AE7E2DF45C7600840180 /* Products */,
			);
			sourceTree = "<group>";
		};
		18E2AE7E2DF45C7600840180 /* Products */ = {
			isa = PBXGroup;
			children = (
				18E2AE7D2DF45C7600840180 /* buddiee_t2.01.app */,
				18E2AE8B2DF45C7A00840180 /* buddiee_t2.01Tests.xctest */,
				18E2AE952DF45C7A00840180 /* buddiee_t2.01UITests.xctest */,
			);
			name = Products;
			sourceTree = "<group>";
		};
/* End PBXGroup section */

/* Begin PBXNativeTarget section */
		18E2AE7C2DF45C7600840180 /* buddiee_t2.01 */ = {
			isa = PBXNativeTarget;
			buildConfigurationList = 18E2AE9F2DF45C7A00840180 /* Build configuration list for PBXNativeTarget "buddiee_t2.01" */;
			buildPhases = (
				18E2AE792DF45C7600840180 /* Sources */,
				18E2AE7A2DF45C7600840180 /* Frameworks */,
				18E2AE7B2DF45C7600840180 /* Resources */,
			);
			buildRules = (
			);
			dependencies = (
			);
			fileSystemSynchronizedGroups = (
				18E2AE7F2DF45C7600840180 /* buddiee_t2.01 */,
			);
			name = buddiee_t2.01;
			packageProductDependencies = (
				18E7622B2E1438DC00DA1B34 /* Auth */,
				18E7622D2E1438DC00DA1B34 /* Functions */,
				18E7622F2E1438DC00DA1B34 /* PostgREST */,
				18E762312E1438DC00DA1B34 /* Realtime */,
				18E762332E1438DC00DA1B34 /* Storage */,
				18E762352E1438DC00DA1B34 /* Supabase */,
			);
			productName = buddiee_t2.01;
			productReference = 18E2AE7D2DF45C7600840180 /* buddiee_t2.01.app */;
			productType = "com.apple.product-type.application";
		};
		18E2AE8A2DF45C7A00840180 /* buddiee_t2.01Tests */ = {
			isa = PBXNativeTarget;
			buildConfigurationList = 18E2AEA22DF45C7A00840180 /* Build configuration list for PBXNativeTarget "buddiee_t2.01Tests" */;
			buildPhases = (
				18E2AE872DF45C7A00840180 /* Sources */,
				18E2AE882DF45C7A00840180 /* Frameworks */,
				18E2AE892DF45C7A00840180 /* Resources */,
			);
			buildRules = (
			);
			dependencies = (
				18E2AE8D2DF45C7A00840180 /* PBXTargetDependency */,
			);
			fileSystemSynchronizedGroups = (
				18E2AE8E2DF45C7A00840180 /* buddiee_t2.01Tests */,
			);
			name = buddiee_t2.01Tests;
			packageProductDependencies = (
			);
			productName = buddiee_t2.01Tests;
			productReference = 18E2AE8B2DF45C7A00840180 /* buddiee_t2.01Tests.xctest */;
			productType = "com.apple.product-type.bundle.unit-test";
		};
		18E2AE942DF45C7A00840180 /* buddiee_t2.01UITests */ = {
			isa = PBXNativeTarget;
			buildConfigurationList = 18E2AEA52DF45C7A00840180 /* Build configuration list for PBXNativeTarget "buddiee_t2.01UITests" */;
			buildPhases = (
				18E2AE912DF45C7A00840180 /* Sources */,
				18E2AE922DF45C7A00840180 /* Frameworks */,
				18E2AE932DF45C7A00840180 /* Resources */,
			);
			buildRules = (
			);
			dependencies = (
				18E2AE972DF45C7A00840180 /* PBXTargetDependency */,
			);
			fileSystemSynchronizedGroups = (
				18E2AE982DF45C7A00840180 /* buddiee_t2.01UITests */,
			);
			name = buddiee_t2.01UITests;
			packageProductDependencies = (
			);
			productName = buddiee_t2.01UITests;
			productReference = 18E2AE952DF45C7A00840180 /* buddiee_t2.01UITests.xctest */;
			productType = "com.apple.product-type.bundle.ui-testing";
		};
/* End PBXNativeTarget section */

/* Begin PBXProject section */
		18E2AE752DF45C7600840180 /* Project object */ = {
			isa = PBXProject;
			attributes = {
				BuildIndependentTargetsInParallel = 1;
				LastSwiftUpdateCheck = 1640;
				LastUpgradeCheck = 1640;
				TargetAttributes = {
					18E2AE7C2DF45C7600840180 = {
						CreatedOnToolsVersion = 16.4;
					};
					18E2AE8A2DF45C7A00840180 = {
						CreatedOnToolsVersion = 16.4;
						TestTargetID = 18E2AE7C2DF45C7600840180;
					};
					18E2AE942DF45C7A00840180 = {
						CreatedOnToolsVersion = 16.4;
						TestTargetID = 18E2AE7C2DF45C7600840180;
					};
				};
			};
			buildConfigurationList = 18E2AE782DF45C7600840180 /* Build configuration list for PBXProject "buddiee_t2.01" */;
			developmentRegion = en;
			hasScannedForEncodings = 0;
			knownRegions = (
				en,
				Base,
			);
			mainGroup = 18E2AE742DF45C7600840180;
			minimizedProjectReferenceProxies = 1;
			packageReferences = (
				18E7622A2E1438DC00DA1B34 /* XCRemoteSwiftPackageReference "supabase-swift" */,
			);
			preferredProjectObjectVersion = 77;
			productRefGroup = 18E2AE7E2DF45C7600840180 /* Products */;
			projectDirPath = "";
			projectRoot = "";
			targets = (
				18E2AE7C2DF45C7600840180 /* buddiee_t2.01 */,
				18E2AE8A2DF45C7A00840180 /* buddiee_t2.01Tests */,
				18E2AE942DF45C7A00840180 /* buddiee_t2.01UITests */,
			);
		};
/* End PBXProject section */

/* Begin PBXResourcesBuildPhase section */
		18E2AE7B2DF45C7600840180 /* Resources */ = {
			isa = PBXResourcesBuildPhase;
			buildActionMask = 2147483647;
			files = (
			);
			runOnlyForDeploymentPostprocessing = 0;
		};
		18E2AE892DF45C7A00840180 /* Resources */ = {
			isa = PBXResourcesBuildPhase;
			buildActionMask = 2147483647;
			files = (
			);
			runOnlyForDeploymentPostprocessing = 0;
		};
		18E2AE932DF45C7A00840180 /* Resources */ = {
			isa = PBXResourcesBuildPhase;
			buildActionMask = 2147483647;
			files = (
			);
			runOnlyForDeploymentPostprocessing = 0;
		};
/* End PBXResourcesBuildPhase section */

/* Begin PBXSourcesBuildPhase section */
		18E2AE792DF45C7600840180 /* Sources */ = {
			isa = PBXSourcesBuildPhase;
			buildActionMask = 2147483647;
			files = (
			);
			runOnlyForDeploymentPostprocessing = 0;
		};
		18E2AE872DF45C7A00840180 /* Sources */ = {
			isa = PBXSourcesBuildPhase;
			buildActionMask = 2147483647;
			files = (
			);
			runOnlyForDeploymentPostprocessing = 0;
		};
		18E2AE912DF45C7A00840180 /* Sources */ = {
			isa = PBXSourcesBuildPhase;
			buildActionMask = 2147483647;
			files = (
			);
			runOnlyForDeploymentPostprocessing = 0;
		};
/* End PBXSourcesBuildPhase section */

/* Begin PBXTargetDependency section */
		18E2AE8D2DF45C7A00840180 /* PBXTargetDependency */ = {
			isa = PBXTargetDependency;
			target = 18E2AE7C2DF45C7600840180 /* buddiee_t2.01 */;
			targetProxy = 18E2AE8C2DF45C7A00840180 /* PBXContainerItemProxy */;
		};
		18E2AE972DF45C7A00840180 /* PBXTargetDependency */ = {
			isa = PBXTargetDependency;
			target = 18E2AE7C2DF45C7600840180 /* buddiee_t2.01 */;
			targetProxy = 18E2AE962DF45C7A00840180 /* PBXContainerItemProxy */;
		};
/* End PBXTargetDependency section */

/* Begin XCBuildConfiguration section */
		18E2AE9D2DF45C7A00840180 /* Debug */ = {
			isa = XCBuildConfiguration;
			buildSettings = {
				ALWAYS_SEARCH_USER_PATHS = NO;
				ASSETCATALOG_COMPILER_GENERATE_SWIFT_ASSET_SYMBOL_EXTENSIONS = YES;
				CLANG_ANALYZER_NONNULL = YES;
				CLANG_ANALYZER_NUMBER_OBJECT_CONVERSION = YES_AGGRESSIVE;
				CLANG_CXX_LANGUAGE_STANDARD = "gnu++20";
				CLANG_ENABLE_MODULES = YES;
				CLANG_ENABLE_OBJC_ARC = YES;
				CLANG_ENABLE_OBJC_WEAK = YES;
				CLANG_WARN_BLOCK_CAPTURE_AUTORELEASING = YES;
				CLANG_WARN_BOOL_CONVERSION = YES;
				CLANG_WARN_COMMA = YES;
				CLANG_WARN_CONSTANT_CONVERSION = YES;
				CLANG_WARN_DEPRECATED_OBJC_IMPLEMENTATIONS = YES;
				CLANG_WARN_DIRECT_OBJC_ISA_USAGE = YES_ERROR;
				CLANG_WARN_DOCUMENTATION_COMMENTS = YES;
				CLANG_WARN_EMPTY_BODY = YES;
				CLANG_WARN_ENUM_CONVERSION = YES;
				CLANG_WARN_INFINITE_RECURSION = YES;
				CLANG_WARN_INT_CONVERSION = YES;
				CLANG_WARN_NON_LITERAL_NULL_CONVERSION = YES;
				CLANG_WARN_OBJC_IMPLICIT_RETAIN_SELF = YES;
				CLANG_WARN_OBJC_LITERAL_CONVERSION = YES;
				CLANG_WARN_OBJC_ROOT_CLASS = YES_ERROR;
				CLANG_WARN_QUOTED_INCLUDE_IN_FRAMEWORK_HEADER = YES;
				CLANG_WARN_RANGE_LOOP_ANALYSIS = YES;
				CLANG_WARN_STRICT_PROTOTYPES = YES;
				CLANG_WARN_SUSPICIOUS_MOVE = YES;
				CLANG_WARN_UNGUARDED_AVAILABILITY = YES_AGGRESSIVE;
				CLANG_WARN_UNREACHABLE_CODE = YES;
				CLANG_WARN__DUPLICATE_METHOD_MATCH = YES;
				COPY_PHASE_STRIP = NO;
				DEBUG_INFORMATION_FORMAT = dwarf;
				DEVELOPMENT_TEAM = JB9FFN6J4R;
				ENABLE_STRICT_OBJC_MSGSEND = YES;
				ENABLE_TESTABILITY = YES;
				ENABLE_USER_SCRIPT_SANDBOXING = YES;
				GCC_C_LANGUAGE_STANDARD = gnu17;
				GCC_DYNAMIC_NO_PIC = NO;
				GCC_NO_COMMON_BLOCKS = YES;
				GCC_OPTIMIZATION_LEVEL = 0;
				GCC_PREPROCESSOR_DEFINITIONS = (
					"DEBUG=1",
					"$(inherited)",
				);
				GCC_WARN_64_TO_32_BIT_CONVERSION = YES;
				GCC_WARN_ABOUT_RETURN_TYPE = YES_ERROR;
				GCC_WARN_UNDECLARED_SELECTOR = YES;
				GCC_WARN_UNINITIALIZED_AUTOS = YES_AGGRESSIVE;
				GCC_WARN_UNUSED_FUNCTION = YES;
				GCC_WARN_UNUSED_VARIABLE = YES;
				LOCALIZATION_PREFERS_STRING_CATALOGS = YES;
				MTL_ENABLE_DEBUG_INFO = INCLUDE_SOURCE;
				MTL_FAST_MATH = YES;
				ONLY_ACTIVE_ARCH = YES;
				SWIFT_ACTIVE_COMPILATION_CONDITIONS = "DEBUG $(inherited)";
				SWIFT_OPTIMIZATION_LEVEL = "-Onone";
			};
			name = Debug;
		};
		18E2AE9E2DF45C7A00840180 /* Release */ = {
			isa = XCBuildConfiguration;
			buildSettings = {
				ALWAYS_SEARCH_USER_PATHS = NO;
				ASSETCATALOG_COMPILER_GENERATE_SWIFT_ASSET_SYMBOL_EXTENSIONS = YES;
				CLANG_ANALYZER_NONNULL = YES;
				CLANG_ANALYZER_NUMBER_OBJECT_CONVERSION = YES_AGGRESSIVE;
				CLANG_CXX_LANGUAGE_STANDARD = "gnu++20";
				CLANG_ENABLE_MODULES = YES;
				CLANG_ENABLE_OBJC_ARC = YES;
				CLANG_ENABLE_OBJC_WEAK = YES;
				CLANG_WARN_BLOCK_CAPTURE_AUTORELEASING = YES;
				CLANG_WARN_BOOL_CONVERSION = YES;
				CLANG_WARN_COMMA = YES;
				CLANG_WARN_CONSTANT_CONVERSION = YES;
				CLANG_WARN_DEPRECATED_OBJC_IMPLEMENTATIONS = YES;
				CLANG_WARN_DIRECT_OBJC_ISA_USAGE = YES_ERROR;
				CLANG_WARN_DOCUMENTATION_COMMENTS = YES;
				CLANG_WARN_EMPTY_BODY = YES;
				CLANG_WARN_ENUM_CONVERSION = YES;
				CLANG_WARN_INFINITE_RECURSION = YES;
				CLANG_WARN_INT_CONVERSION = YES;
				CLANG_WARN_NON_LITERAL_NULL_CONVERSION = YES;
				CLANG_WARN_OBJC_IMPLICIT_RETAIN_SELF = YES;
				CLANG_WARN_OBJC_LITERAL_CONVERSION = YES;
				CLANG_WARN_OBJC_ROOT_CLASS = YES_ERROR;
				CLANG_WARN_QUOTED_INCLUDE_IN_FRAMEWORK_HEADER = YES;
				CLANG_WARN_RANGE_LOOP_ANALYSIS = YES;
				CLANG_WARN_STRICT_PROTOTYPES = YES;
				CLANG_WARN_SUSPICIOUS_MOVE = YES;
				CLANG_WARN_UNGUARDED_AVAILABILITY = YES_AGGRESSIVE;
				CLANG_WARN_UNREACHABLE_CODE = YES;
				CLANG_WARN__DUPLICATE_METHOD_MATCH = YES;
				COPY_PHASE_STRIP = NO;
				DEBUG_INFORMATION_FORMAT = "dwarf-with-dsym";
				DEVELOPMENT_TEAM = JB9FFN6J4R;
				ENABLE_NS_ASSERTIONS = NO;
				ENABLE_STRICT_OBJC_MSGSEND = YES;
				ENABLE_USER_SCRIPT_SANDBOXING = YES;
				GCC_C_LANGUAGE_STANDARD = gnu17;
				GCC_NO_COMMON_BLOCKS = YES;
				GCC_WARN_64_TO_32_BIT_CONVERSION = YES;
				GCC_WARN_ABOUT_RETURN_TYPE = YES_ERROR;
				GCC_WARN_UNDECLARED_SELECTOR = YES;
				GCC_WARN_UNINITIALIZED_AUTOS = YES_AGGRESSIVE;
				GCC_WARN_UNUSED_FUNCTION = YES;
				GCC_WARN_UNUSED_VARIABLE = YES;
				LOCALIZATION_PREFERS_STRING_CATALOGS = YES;
				MTL_ENABLE_DEBUG_INFO = NO;
				MTL_FAST_MATH = YES;
				SWIFT_COMPILATION_MODE = wholemodule;
			};
			name = Release;
		};
		18E2AEA02DF45C7A00840180 /* Debug */ = {
			isa = XCBuildConfiguration;
			buildSettings = {
				ASSETCATALOG_COMPILER_APPICON_NAME = AppIcon;
				ASSETCATALOG_COMPILER_GLOBAL_ACCENT_COLOR_NAME = AccentColor;
				CODE_SIGN_ENTITLEMENTS = buddiee_t2.01/buddiee_t2_01.entitlements;
				CODE_SIGN_STYLE = Manual;
				CURRENT_PROJECT_VERSION = 1;
				DEVELOPMENT_TEAM = JB9FFN6J4R;
				ENABLE_HARDENED_RUNTIME = YES;
				ENABLE_PREVIEWS = YES;
				GENERATE_INFOPLIST_FILE = YES;
				INFOPLIST_KEY_NSLocationWhenInUseUsageDescription = "We need your location to find buddies nearby";
				INFOPLIST_KEY_NSPhotoLibraryUsageDescription = "Buddiee needs access to your photo library to allow you to select images for your posts.";
				"INFOPLIST_KEY_UIApplicationSceneManifest_Generation[sdk=iphoneos*]" = YES;
				"INFOPLIST_KEY_UIApplicationSceneManifest_Generation[sdk=iphonesimulator*]" = YES;
				"INFOPLIST_KEY_UIApplicationSupportsIndirectInputEvents[sdk=iphoneos*]" = YES;
				"INFOPLIST_KEY_UIApplicationSupportsIndirectInputEvents[sdk=iphonesimulator*]" = YES;
				"INFOPLIST_KEY_UILaunchScreen_Generation[sdk=iphoneos*]" = YES;
				"INFOPLIST_KEY_UILaunchScreen_Generation[sdk=iphonesimulator*]" = YES;
				"INFOPLIST_KEY_UIStatusBarStyle[sdk=iphoneos*]" = UIStatusBarStyleDefault;
				"INFOPLIST_KEY_UIStatusBarStyle[sdk=iphonesimulator*]" = UIStatusBarStyleDefault;
				INFOPLIST_KEY_UISupportedInterfaceOrientations_iPad = "UIInterfaceOrientationPortrait UIInterfaceOrientationPortraitUpsideDown UIInterfaceOrientationLandscapeLeft UIInterfaceOrientationLandscapeRight";
				INFOPLIST_KEY_UISupportedInterfaceOrientations_iPhone = "UIInterfaceOrientationPortrait UIInterfaceOrientationLandscapeLeft UIInterfaceOrientationLandscapeRight";
				IPHONEOS_DEPLOYMENT_TARGET = 18.5;
				LD_RUNPATH_SEARCH_PATHS = "@executable_path/Frameworks";
				"LD_RUNPATH_SEARCH_PATHS[sdk=macosx*]" = "@executable_path/../Frameworks";
				MACOSX_DEPLOYMENT_TARGET = 15.5;
				MARKETING_VERSION = 1.0;
				PRODUCT_BUNDLE_IDENTIFIER = "com.hf.buddieeapp.buddiee-t2-01";
				PRODUCT_NAME = "$(TARGET_NAME)";
				REGISTER_APP_GROUPS = YES;
				SDKROOT = auto;
				SUPPORTED_PLATFORMS = "iphoneos iphonesimulator macosx xros xrsimulator";
				SWIFT_EMIT_LOC_STRINGS = YES;
				SWIFT_VERSION = 5.0;
				TARGETED_DEVICE_FAMILY = "1,2,7";
				XROS_DEPLOYMENT_TARGET = 2.5;
			};
			name = Debug;
		};
		18E2AEA12DF45C7A00840180 /* Release */ = {
			isa = XCBuildConfiguration;
			buildSettings = {
				ASSETCATALOG_COMPILER_APPICON_NAME = AppIcon;
				ASSETCATALOG_COMPILER_GLOBAL_ACCENT_COLOR_NAME = AccentColor;
				CODE_SIGN_ENTITLEMENTS = buddiee_t2.01/buddiee_t2_01.entitlements;
				CODE_SIGN_STYLE = Manual;
				CURRENT_PROJECT_VERSION = 1;
				DEVELOPMENT_TEAM = JB9FFN6J4R;
				ENABLE_HARDENED_RUNTIME = YES;
				ENABLE_PREVIEWS = YES;
				GENERATE_INFOPLIST_FILE = YES;
				INFOPLIST_KEY_NSLocationWhenInUseUsageDescription = "We need your location to find buddies nearby";
				INFOPLIST_KEY_NSPhotoLibraryUsageDescription = "Buddiee needs access to your photo library to allow you to select images for your posts.";
				"INFOPLIST_KEY_UIApplicationSceneManifest_Generation[sdk=iphoneos*]" = YES;
				"INFOPLIST_KEY_UIApplicationSceneManifest_Generation[sdk=iphonesimulator*]" = YES;
				"INFOPLIST_KEY_UIApplicationSupportsIndirectInputEvents[sdk=iphoneos*]" = YES;
				"INFOPLIST_KEY_UIApplicationSupportsIndirectInputEvents[sdk=iphonesimulator*]" = YES;
				"INFOPLIST_KEY_UILaunchScreen_Generation[sdk=iphoneos*]" = YES;
				"INFOPLIST_KEY_UILaunchScreen_Generation[sdk=iphonesimulator*]" = YES;
				"INFOPLIST_KEY_UIStatusBarStyle[sdk=iphoneos*]" = UIStatusBarStyleDefault;
				"INFOPLIST_KEY_UIStatusBarStyle[sdk=iphonesimulator*]" = UIStatusBarStyleDefault;
				INFOPLIST_KEY_UISupportedInterfaceOrientations_iPad = "UIInterfaceOrientationPortrait UIInterfaceOrientationPortraitUpsideDown UIInterfaceOrientationLandscapeLeft UIInterfaceOrientationLandscapeRight";
				INFOPLIST_KEY_UISupportedInterfaceOrientations_iPhone = "UIInterfaceOrientationPortrait UIInterfaceOrientationLandscapeLeft UIInterfaceOrientationLandscapeRight";
				IPHONEOS_DEPLOYMENT_TARGET = 18.5;
				LD_RUNPATH_SEARCH_PATHS = "@executable_path/Frameworks";
				"LD_RUNPATH_SEARCH_PATHS[sdk=macosx*]" = "@executable_path/../Frameworks";
				MACOSX_DEPLOYMENT_TARGET = 15.5;
				MARKETING_VERSION = 1.0;
				PRODUCT_BUNDLE_IDENTIFIER = "com.hf.buddieeapp.buddiee-t2-01";
				PRODUCT_NAME = "$(TARGET_NAME)";
				REGISTER_APP_GROUPS = YES;
				SDKROOT = auto;
				SUPPORTED_PLATFORMS = "iphoneos iphonesimulator macosx xros xrsimulator";
				SWIFT_EMIT_LOC_STRINGS = YES;
				SWIFT_VERSION = 5.0;
				TARGETED_DEVICE_FAMILY = "1,2,7";
				XROS_DEPLOYMENT_TARGET = 2.5;
			};
			name = Release;
		};
		18E2AEA32DF45C7A00840180 /* Debug */ = {
			isa = XCBuildConfiguration;
			buildSettings = {
				BUNDLE_LOADER = "$(TEST_HOST)";
				CODE_SIGN_STYLE = Manual;
				CURRENT_PROJECT_VERSION = 1;
				DEVELOPMENT_TEAM = JB9FFN6J4R;
				GENERATE_INFOPLIST_FILE = YES;
				IPHONEOS_DEPLOYMENT_TARGET = 18.5;
				MACOSX_DEPLOYMENT_TARGET = 15.5;
				MARKETING_VERSION = 1.0;
				PRODUCT_BUNDLE_IDENTIFIER = "com.hf.buddieeapp.buddiee-t2-01Tests";
				PRODUCT_NAME = "$(TARGET_NAME)";
				SDKROOT = auto;
				SUPPORTED_PLATFORMS = "iphoneos iphonesimulator macosx xros xrsimulator";
				SWIFT_EMIT_LOC_STRINGS = NO;
				SWIFT_VERSION = 5.0;
				TARGETED_DEVICE_FAMILY = "1,2,7";
				TEST_HOST = "$(BUILT_PRODUCTS_DIR)/buddiee_t2.01.app/$(BUNDLE_EXECUTABLE_FOLDER_PATH)/buddiee_t2.01";
				XROS_DEPLOYMENT_TARGET = 2.5;
			};
			name = Debug;
		};
		18E2AEA42DF45C7A00840180 /* Release */ = {
			isa = XCBuildConfiguration;
			buildSettings = {
				BUNDLE_LOADER = "$(TEST_HOST)";
				CODE_SIGN_STYLE = Manual;
				CURRENT_PROJECT_VERSION = 1;
				DEVELOPMENT_TEAM = JB9FFN6J4R;
				GENERATE_INFOPLIST_FILE = YES;
				IPHONEOS_DEPLOYMENT_TARGET = 18.5;
				MACOSX_DEPLOYMENT_TARGET = 15.5;
				MARKETING_VERSION = 1.0;
				PRODUCT_BUNDLE_IDENTIFIER = "com.hf.buddieeapp.buddiee-t2-01Tests";
				PRODUCT_NAME = "$(TARGET_NAME)";
				SDKROOT = auto;
				SUPPORTED_PLATFORMS = "iphoneos iphonesimulator macosx xros xrsimulator";
				SWIFT_EMIT_LOC_STRINGS = NO;
				SWIFT_VERSION = 5.0;
				TARGETED_DEVICE_FAMILY = "1,2,7";
				TEST_HOST = "$(BUILT_PRODUCTS_DIR)/buddiee_t2.01.app/$(BUNDLE_EXECUTABLE_FOLDER_PATH)/buddiee_t2.01";
				XROS_DEPLOYMENT_TARGET = 2.5;
			};
			name = Release;
		};
		18E2AEA62DF45C7A00840180 /* Debug */ = {
			isa = XCBuildConfiguration;
			buildSettings = {
				CODE_SIGN_STYLE = Manual;
				CURRENT_PROJECT_VERSION = 1;
				DEVELOPMENT_TEAM = JB9FFN6J4R;
				GENERATE_INFOPLIST_FILE = YES;
				IPHONEOS_DEPLOYMENT_TARGET = 18.5;
				MACOSX_DEPLOYMENT_TARGET = 15.5;
				MARKETING_VERSION = 1.0;
				PRODUCT_BUNDLE_IDENTIFIER = "com.hf.buddieeapp.buddiee-t2-01UITests";
				PRODUCT_NAME = "$(TARGET_NAME)";
				SDKROOT = auto;
				SUPPORTED_PLATFORMS = "iphoneos iphonesimulator macosx xros xrsimulator";
				SWIFT_EMIT_LOC_STRINGS = NO;
				SWIFT_VERSION = 5.0;
				TARGETED_DEVICE_FAMILY = "1,2,7";
				TEST_TARGET_NAME = buddiee_t2.01;
				XROS_DEPLOYMENT_TARGET = 2.5;
			};
			name = Debug;
		};
		18E2AEA72DF45C7A00840180 /* Release */ = {
			isa = XCBuildConfiguration;
			buildSettings = {
				CODE_SIGN_STYLE = Manual;
				CURRENT_PROJECT_VERSION = 1;
				DEVELOPMENT_TEAM = JB9FFN6J4R;
				GENERATE_INFOPLIST_FILE = YES;
				IPHONEOS_DEPLOYMENT_TARGET = 18.5;
				MACOSX_DEPLOYMENT_TARGET = 15.5;
				MARKETING_VERSION = 1.0;
				PRODUCT_BUNDLE_IDENTIFIER = "com.hf.buddieeapp.buddiee-t2-01UITests";
				PRODUCT_NAME = "$(TARGET_NAME)";
				SDKROOT = auto;
				SUPPORTED_PLATFORMS = "iphoneos iphonesimulator macosx xros xrsimulator";
				SWIFT_EMIT_LOC_STRINGS = NO;
				SWIFT_VERSION = 5.0;
				TARGETED_DEVICE_FAMILY = "1,2,7";
				TEST_TARGET_NAME = buddiee_t2.01;
				XROS_DEPLOYMENT_TARGET = 2.5;
			};
			name = Release;
		};
/* End XCBuildConfiguration section */

/* Begin XCConfigurationList section */
		18E2AE782DF45C7600840180 /* Build configuration list for PBXProject "buddiee_t2.01" */ = {
			isa = XCConfigurationList;
			buildConfigurations = (
				18E2AE9D2DF45C7A00840180 /* Debug */,
				18E2AE9E2DF45C7A00840180 /* Release */,
			);
			defaultConfigurationIsVisible = 0;
			defaultConfigurationName = Release;
		};
		18E2AE9F2DF45C7A00840180 /* Build configuration list for PBXNativeTarget "buddiee_t2.01" */ = {
			isa = XCConfigurationList;
			buildConfigurations = (
				18E2AEA02DF45C7A00840180 /* Debug */,
				18E2AEA12DF45C7A00840180 /* Release */,
			);
			defaultConfigurationIsVisible = 0;
			defaultConfigurationName = Release;
		};
		18E2AEA22DF45C7A00840180 /* Build configuration list for PBXNativeTarget "buddiee_t2.01Tests" */ = {
			isa = XCConfigurationList;
			buildConfigurations = (
				18E2AEA32DF45C7A00840180 /* Debug */,
				18E2AEA42DF45C7A00840180 /* Release */,
			);
			defaultConfigurationIsVisible = 0;
			defaultConfigurationName = Release;
		};
		18E2AEA52DF45C7A00840180 /* Build configuration list for PBXNativeTarget "buddiee_t2.01UITests" */ = {
			isa = XCConfigurationList;
			buildConfigurations = (
				18E2AEA62DF45C7A00840180 /* Debug */,
				18E2AEA72DF45C7A00840180 /* Release */,
			);
			defaultConfigurationIsVisible = 0;
			defaultConfigurationName = Release;
		};
/* End XCConfigurationList section */

/* Begin XCRemoteSwiftPackageReference section */
		18E7622A2E1438DC00DA1B34 /* XCRemoteSwiftPackageReference "supabase-swift" */ = {
			isa = XCRemoteSwiftPackageReference;
			repositoryURL = "https://github.com/supabase-community/supabase-swift";
			requirement = {
				kind = upToNextMajorVersion;
				minimumVersion = 2.5.1;
			};
		};
/* End XCRemoteSwiftPackageReference section */

/* Begin XCSwiftPackageProductDependency section */
		18E7622B2E1438DC00DA1B34 /* Auth */ = {
			isa = XCSwiftPackageProductDependency;
			package = 18E7622A2E1438DC00DA1B34 /* XCRemoteSwiftPackageReference "supabase-swift" */;
			productName = Auth;
		};
		18E7622D2E1438DC00DA1B34 /* Functions */ = {
			isa = XCSwiftPackageProductDependency;
			package = 18E7622A2E1438DC00DA1B34 /* XCRemoteSwiftPackageReference "supabase-swift" */;
			productName = Functions;
		};
		18E7622F2E1438DC00DA1B34 /* PostgREST */ = {
			isa = XCSwiftPackageProductDependency;
			package = 18E7622A2E1438DC00DA1B34 /* XCRemoteSwiftPackageReference "supabase-swift" */;
			productName = PostgREST;
		};
		18E762312E1438DC00DA1B34 /* Realtime */ = {
			isa = XCSwiftPackageProductDependency;
			package = 18E7622A2E1438DC00DA1B34 /* XCRemoteSwiftPackageReference "supabase-swift" */;
			productName = Realtime;
		};
		18E762332E1438DC00DA1B34 /* Storage */ = {
			isa = XCSwiftPackageProductDependency;
			package = 18E7622A2E1438DC00DA1B34 /* XCRemoteSwiftPackageReference "supabase-swift" */;
			productName = Storage;
		};
		18E762352E1438DC00DA1B34 /* Supabase */ = {
			isa = XCSwiftPackageProductDependency;
			package = 18E7622A2E1438DC00DA1B34 /* XCRemoteSwiftPackageReference "supabase-swift" */;
			productName = Supabase;
		};
/* End XCSwiftPackageProductDependency section */
	};
	rootObject = 18E2AE752DF45C7600840180 /* Project object */;
}
